
Microsoft Visual Studio Solution File, Format Version 12.00
# Visual Studio Version 16
VisualStudioVersion = 16.0.31702.278
MinimumVisualStudioVersion = 10.0.40219.1
Project("{9A19103F-16F7-4668-BE54-9A1E7A4F7556}") = "ClientMonitor", "ClientMonitor\ClientMonitor.csproj", "{76E24A6C-ABF2-4177-B2CF-F66A57FEBADF}"
	ProjectSection(ProjectDependencies) = postProject
		{02FCA541-C83D-4853-BBB6-A6F94573DF90} = {02FCA541-C83D-4853-BBB6-A6F94573DF90}
	EndProjectSection
EndProject
Project("{9A19103F-16F7-4668-BE54-9A1E7A4F7556}") = "ClientMonitor.Infrastructure.CloudManager", "ClientMonitor.Infrastructure.CloudManager\ClientMonitor.Infrastructure.CloudManager.csproj", "{26F0B314-D15A-4080-BB18-BE629FFBAA61}"
EndProject
Project("{9A19103F-16F7-4668-BE54-9A1E7A4F7556}") = "ClientMonitor.Api", "ClientMonitor.Api\ClientMonitor.Api.csproj", "{D5EF2806-CCB2-4F6B-963F-F0E2B551DD27}"
EndProject
Project("{9A19103F-16F7-4668-BE54-9A1E7A4F7556}") = "ClientMonitor.Infrastructure.InternalConnector", "ClientMonitor.Infrastructure.InternalConnector\ClientMonitor.Infrastructure.InternalConnector.csproj", "{7E86B393-7B76-4854-A1DE-05084953BAEF}"
EndProject
Project("{9A19103F-16F7-4668-BE54-9A1E7A4F7556}") = "ClientMonitor.Infrastructure.Monitor", "ClientMonitor.Infrastructure.Monitor\ClientMonitor.Infrastructure.Monitor.csproj", "{02FCA541-C83D-4853-BBB6-A6F94573DF90}"
EndProject
Project("{9A19103F-16F7-4668-BE54-9A1E7A4F7556}") = "ClientMonitor.Application", "ClientMonitor.Application\ClientMonitor.Application.csproj", "{5502BBFD-43D5-4CFD-8EAF-FA0D2C92E96B}"
EndProject
Project("{9A19103F-16F7-4668-BE54-9A1E7A4F7556}") = "ClientMonitor.Infrastructure.Notifications", "ClientMonitor.Infrastructure.Notifications\ClientMonitor.Infrastructure.Notifications.csproj", "{199DEEF6-207B-4CBE-BEE5-15DD584A7170}"
EndProject
Project("{9A19103F-16F7-4668-BE54-9A1E7A4F7556}") = "ClientMonitor.Infrastructure.ScreenRecording", "ClientMonitor.Infrastructure.ScreenRecording\ClientMonitor.Infrastructure.ScreenRecording.csproj", "{381C077E-DB55-47AB-ACF1-8828E1838918}"
EndProject
Project("{9A19103F-16F7-4668-BE54-9A1E7A4F7556}") = "ClientMonitor.Infrastructure.Database", "ClientMonitor.Infrastructure.Database\ClientMonitor.Infrastructure.Database.csproj", "{FF3080C2-3FAD-4935-914B-2936031535A8}"
	ProjectSection(ProjectDependencies) = postProject
		{5502BBFD-43D5-4CFD-8EAF-FA0D2C92E96B} = {5502BBFD-43D5-4CFD-8EAF-FA0D2C92E96B}
	EndProjectSection
EndProject
Project("{9A19103F-16F7-4668-BE54-9A1E7A4F7556}") = "ClientMonitor.Application.Test", "ClientMonitor.Application.Test\ClientMonitor.Application.Test.csproj", "{8183B0FC-4BB4-4566-8179-E9541470A897}"
EndProject
Project("{9A19103F-16F7-4668-BE54-9A1E7A4F7556}") = "ClientMonitor.Infrastructure.Test", "ClientMonitor.Infrastructure.Test\ClientMonitor.Infrastructure.Test.csproj", "{99C53CB5-C1F2-4845-A8B0-D5DDAB86C5ED}"
EndProject
Project("{9A19103F-16F7-4668-BE54-9A1E7A4F7556}") = "ClientMonitor.Test", "ClientMonitor.Test\ClientMonitor.Test.csproj", "{A6B78395-D19D-4949-9F41-42B5A599B502}"
EndProject
Global
	GlobalSection(SolutionConfigurationPlatforms) = preSolution
		Debug|Any CPU = Debug|Any CPU
		Release|Any CPU = Release|Any CPU
	EndGlobalSection
	GlobalSection(ProjectConfigurationPlatforms) = postSolution
		{76E24A6C-ABF2-4177-B2CF-F66A57FEBADF}.Debug|Any CPU.ActiveCfg = Debug|Any CPU
		{76E24A6C-ABF2-4177-B2CF-F66A57FEBADF}.Debug|Any CPU.Build.0 = Debug|Any CPU
		{76E24A6C-ABF2-4177-B2CF-F66A57FEBADF}.Release|Any CPU.ActiveCfg = Release|Any CPU
		{76E24A6C-ABF2-4177-B2CF-F66A57FEBADF}.Release|Any CPU.Build.0 = Release|Any CPU
		{26F0B314-D15A-4080-BB18-BE629FFBAA61}.Debug|Any CPU.ActiveCfg = Debug|Any CPU
		{26F0B314-D15A-4080-BB18-BE629FFBAA61}.Debug|Any CPU.Build.0 = Debug|Any CPU
		{26F0B314-D15A-4080-BB18-BE629FFBAA61}.Release|Any CPU.ActiveCfg = Release|Any CPU
		{26F0B314-D15A-4080-BB18-BE629FFBAA61}.Release|Any CPU.Build.0 = Release|Any CPU
		{D5EF2806-CCB2-4F6B-963F-F0E2B551DD27}.Debug|Any CPU.ActiveCfg = Debug|Any CPU
		{D5EF2806-CCB2-4F6B-963F-F0E2B551DD27}.Debug|Any CPU.Build.0 = Debug|Any CPU
		{D5EF2806-CCB2-4F6B-963F-F0E2B551DD27}.Release|Any CPU.ActiveCfg = Release|Any CPU
		{D5EF2806-CCB2-4F6B-963F-F0E2B551DD27}.Release|Any CPU.Build.0 = Release|Any CPU
		{7E86B393-7B76-4854-A1DE-05084953BAEF}.Debug|Any CPU.ActiveCfg = Debug|Any CPU
		{7E86B393-7B76-4854-A1DE-05084953BAEF}.Debug|Any CPU.Build.0 = Debug|Any CPU
		{7E86B393-7B76-4854-A1DE-05084953BAEF}.Release|Any CPU.ActiveCfg = Release|Any CPU
		{7E86B393-7B76-4854-A1DE-05084953BAEF}.Release|Any CPU.Build.0 = Release|Any CPU
		{02FCA541-C83D-4853-BBB6-A6F94573DF90}.Debug|Any CPU.ActiveCfg = Debug|Any CPU
		{02FCA541-C83D-4853-BBB6-A6F94573DF90}.Debug|Any CPU.Build.0 = Debug|Any CPU
		{02FCA541-C83D-4853-BBB6-A6F94573DF90}.Release|Any CPU.ActiveCfg = Release|Any CPU
		{02FCA541-C83D-4853-BBB6-A6F94573DF90}.Release|Any CPU.Build.0 = Release|Any CPU
		{5502BBFD-43D5-4CFD-8EAF-FA0D2C92E96B}.Debug|Any CPU.ActiveCfg = Debug|Any CPU
		{5502BBFD-43D5-4CFD-8EAF-FA0D2C92E96B}.Debug|Any CPU.Build.0 = Debug|Any CPU
		{5502BBFD-43D5-4CFD-8EAF-FA0D2C92E96B}.Release|Any CPU.ActiveCfg = Release|Any CPU
		{5502BBFD-43D5-4CFD-8EAF-FA0D2C92E96B}.Release|Any CPU.Build.0 = Release|Any CPU
		{199DEEF6-207B-4CBE-BEE5-15DD584A7170}.Debug|Any CPU.ActiveCfg = Debug|Any CPU
		{199DEEF6-207B-4CBE-BEE5-15DD584A7170}.Debug|Any CPU.Build.0 = Debug|Any CPU
		{199DEEF6-207B-4CBE-BEE5-15DD584A7170}.Release|Any CPU.ActiveCfg = Release|Any CPU
		{199DEEF6-207B-4CBE-BEE5-15DD584A7170}.Release|Any CPU.Build.0 = Release|Any CPU
		{381C077E-DB55-47AB-ACF1-8828E1838918}.Debug|Any CPU.ActiveCfg = Debug|Any CPU
		{381C077E-DB55-47AB-ACF1-8828E1838918}.Debug|Any CPU.Build.0 = Debug|Any CPU
		{381C077E-DB55-47AB-ACF1-8828E1838918}.Release|Any CPU.ActiveCfg = Release|Any CPU
		{381C077E-DB55-47AB-ACF1-8828E1838918}.Release|Any CPU.Build.0 = Release|Any CPU
	EndGlobalSection
	GlobalSection(SolutionProperties) = preSolution
		HideSolutionNode = FALSE
	EndGlobalSection
	GlobalSection(ExtensibilityGlobals) = postSolution
		SolutionGuid = {EE217A90-E62B-422F-8659-A8882EDCF02D}
	EndGlobalSection
EndGlobal
