
Microsoft Visual Studio Solution File, Format Version 12.00
# Visual Studio Version 16
VisualStudioVersion = 16.0.31424.327
MinimumVisualStudioVersion = 10.0.40219.1
Project("{FAE04EC0-301F-11D3-BF4B-00C04F79EFBC}") = "ClientMonitor", "ClientMonitor\ClientMonitor.csproj", "{76E24A6C-ABF2-4177-B2CF-F66A57FEBADF}"
EndProject
Global
	GlobalSection(SolutionConfigurationPlatforms) = preSolution
		Debug|Any CPU = Debug|Any CPU
		Release|Any CPU = Release|Any CPU
	EndGlobalSection
	GlobalSection(ProjectConfigurationPlatforms) = postSolution
		{76E24A6C-ABF2-4177-B2CF-F66A57FEBADF}.Debug|Any CPU.ActiveCfg = Debug|Any CPU
		{76E24A6C-ABF2-4177-B2CF-F66A57FEBADF}.Debug|Any CPU.Build.0 = Debug|Any CPU
		{76E24A6C-ABF2-4177-B2CF-F66A57FEBADF}.Release|Any CPU.ActiveCfg = Release|Any CPU
		{76E24A6C-ABF2-4177-B2CF-F66A57FEBADF}.Release|Any CPU.Build.0 = Release|Any CPU
	EndGlobalSection
	GlobalSection(SolutionProperties) = preSolution
		HideSolutionNode = FALSE
	EndGlobalSection
	GlobalSection(ExtensibilityGlobals) = postSolution
		SolutionGuid = {EE217A90-E62B-422F-8659-A8882EDCF02D}
	EndGlobalSection
EndGlobal
