
Microsoft Visual Studio Solution File, Format Version 12.00
# Visual Studio Version 17
VisualStudioVersion = 17.3.32901.215
MinimumVisualStudioVersion = 10.0.40219.1
Project("{9A19103F-16F7-4668-BE54-9A1E7A4F7556}") = "ClientMonitor", "ClientMonitor\ClientMonitor.csproj", "{76E24A6C-ABF2-4177-B2CF-F66A57FEBADF}"
EndProject
Project("{9A19103F-16F7-4668-BE54-9A1E7A4F7556}") = "ClientMonitor.Application", "ClientMonitor.Application\ClientMonitor.Application.csproj", "{5502BBFD-43D5-4CFD-8EAF-FA0D2C92E96B}"
EndProject
Project("{9A19103F-16F7-4668-BE54-9A1E7A4F7556}") = "ClientMonitor.Infrastructure.Notifications", "ClientMonitor.Infrastructure.Notifications\ClientMonitor.Infrastructure.Notifications.csproj", "{199DEEF6-207B-4CBE-BEE5-15DD584A7170}"
EndProject
Project("{9A19103F-16F7-4668-BE54-9A1E7A4F7556}") = "ClientMonitor.Infrastructure.VideoControl", "ClientMonitor.Infrastructure.VideoControl\ClientMonitor.Infrastructure.VideoControl.csproj", "{A785DDC9-45DA-4407-A846-F306C060BEB8}"
EndProject
Project("{FAE04EC0-301F-11D3-BF4B-00C04F79EFBC}") = "VideoMonitor", "VideoMonitor\VideoMonitor.csproj", "{F9044607-3542-480A-B78F-2718C4D72C0C}"
EndProject
Global
	GlobalSection(SolutionConfigurationPlatforms) = preSolution
		Debug|Any CPU = Debug|Any CPU
		Release|Any CPU = Release|Any CPU
	EndGlobalSection
	GlobalSection(ProjectConfigurationPlatforms) = postSolution
		{76E24A6C-ABF2-4177-B2CF-F66A57FEBADF}.Debug|Any CPU.ActiveCfg = Debug|Any CPU
		{76E24A6C-ABF2-4177-B2CF-F66A57FEBADF}.Debug|Any CPU.Build.0 = Debug|Any CPU
		{76E24A6C-ABF2-4177-B2CF-F66A57FEBADF}.Release|Any CPU.ActiveCfg = Release|Any CPU
		{76E24A6C-ABF2-4177-B2CF-F66A57FEBADF}.Release|Any CPU.Build.0 = Release|Any CPU
		{5502BBFD-43D5-4CFD-8EAF-FA0D2C92E96B}.Debug|Any CPU.ActiveCfg = Debug|Any CPU
		{5502BBFD-43D5-4CFD-8EAF-FA0D2C92E96B}.Debug|Any CPU.Build.0 = Debug|Any CPU
		{5502BBFD-43D5-4CFD-8EAF-FA0D2C92E96B}.Release|Any CPU.ActiveCfg = Release|Any CPU
		{5502BBFD-43D5-4CFD-8EAF-FA0D2C92E96B}.Release|Any CPU.Build.0 = Release|Any CPU
		{199DEEF6-207B-4CBE-BEE5-15DD584A7170}.Debug|Any CPU.ActiveCfg = Debug|Any CPU
		{199DEEF6-207B-4CBE-BEE5-15DD584A7170}.Debug|Any CPU.Build.0 = Debug|Any CPU
		{199DEEF6-207B-4CBE-BEE5-15DD584A7170}.Release|Any CPU.ActiveCfg = Release|Any CPU
		{199DEEF6-207B-4CBE-BEE5-15DD584A7170}.Release|Any CPU.Build.0 = Release|Any CPU
		{A785DDC9-45DA-4407-A846-F306C060BEB8}.Debug|Any CPU.ActiveCfg = Debug|Any CPU
		{A785DDC9-45DA-4407-A846-F306C060BEB8}.Debug|Any CPU.Build.0 = Debug|Any CPU
		{A785DDC9-45DA-4407-A846-F306C060BEB8}.Release|Any CPU.ActiveCfg = Release|Any CPU
		{A785DDC9-45DA-4407-A846-F306C060BEB8}.Release|Any CPU.Build.0 = Release|Any CPU
		{F9044607-3542-480A-B78F-2718C4D72C0C}.Debug|Any CPU.ActiveCfg = Debug|Any CPU
		{F9044607-3542-480A-B78F-2718C4D72C0C}.Debug|Any CPU.Build.0 = Debug|Any CPU
		{F9044607-3542-480A-B78F-2718C4D72C0C}.Release|Any CPU.ActiveCfg = Release|Any CPU
		{F9044607-3542-480A-B78F-2718C4D72C0C}.Release|Any CPU.Build.0 = Release|Any CPU
	EndGlobalSection
	GlobalSection(SolutionProperties) = preSolution
		HideSolutionNode = FALSE
	EndGlobalSection
	GlobalSection(ExtensibilityGlobals) = postSolution
		SolutionGuid = {EE217A90-E62B-422F-8659-A8882EDCF02D}
	EndGlobalSection
EndGlobal
